PODS:
  - GAWindTemplate (0.3.3):
    - STK
    - TheAmazingAudioEngine
  - STK (4.5.3)
  - TheAmazingAudioEngine (1.4.6)

DEPENDENCIES:
  - GAWindTemplate (from `../`)

EXTERNAL SOURCES:
  GAWindTemplate:
    :path: ../

SPEC CHECKSUMS:
  GAWindTemplate: 69464ba0cabb8e8d4adc23ff57f8269b22659d62
  STK: 67bd2cb1a6e128502aec118d6d6774e4b3ab28b5
  TheAmazingAudioEngine: 174889dc95c6a8a654375215e13a7db61a561fa4

COCOAPODS: 0.35.0
