PODS:
  - GAWindTemplate (0.1.0):
    - STK
    - TheAmazingAudioEngine
  - STK (4.5.3)
  - TheAmazingAudioEngine (1.4.6)

DEPENDENCIES:
  - GAWindTemplate (from `../`)

EXTERNAL SOURCES:
  GAWindTemplate:
    :path: ../

SPEC CHECKSUMS:
  GAWindTemplate: fb14ec1eec8793aa04204783272f7dfcf0f5987a
  STK: a3acfd91e8a9081d1b6ff3aeafe766f8494f8060
  TheAmazingAudioEngine: 174889dc95c6a8a654375215e13a7db61a561fa4

COCOAPODS: 0.35.0
