PODS:
  - GAWindTemplate (0.1.0):
    - TheAmazingAudioEngine (~> 1.4.6)
  - TheAmazingAudioEngine (1.4.6)

DEPENDENCIES:
  - GAWindTemplate (from `../`)

EXTERNAL SOURCES:
  GAWindTemplate:
    :path: ../

SPEC CHECKSUMS:
  GAWindTemplate: c46aec5f38b0eb7e0cf19ab88ddf372b0411d74d
  TheAmazingAudioEngine: d4c027506d6b8b025c5947fb401a972ccf7574f3

COCOAPODS: 0.35.0
